
Microsoft Visual Studio Solution File, Format Version 12.00
# Visual Studio Version 17
VisualStudioVersion = 17.5.33424.131
MinimumVisualStudioVersion = 10.0.40219.1
Project("{9A19103F-16F7-4668-BE54-9A1E7A4F7556}") = "API", "API\API.csproj", "{DAC6091D-A61C-4B1F-AF9D-53A6941025A1}"
EndProject
Project("{9A19103F-16F7-4668-BE54-9A1E7A4F7556}") = "Client", "Client\Client.csproj", "{A4E63B41-1790-47AF-8AAC-EDBF59120E54}"
EndProject
Global
	GlobalSection(SolutionConfigurationPlatforms) = preSolution
		Debug|Any CPU = Debug|Any CPU
		Release|Any CPU = Release|Any CPU
	EndGlobalSection
	GlobalSection(ProjectConfigurationPlatforms) = postSolution
		{DAC6091D-A61C-4B1F-AF9D-53A6941025A1}.Debug|Any CPU.ActiveCfg = Debug|Any CPU
		{DAC6091D-A61C-4B1F-AF9D-53A6941025A1}.Debug|Any CPU.Build.0 = Debug|Any CPU
		{DAC6091D-A61C-4B1F-AF9D-53A6941025A1}.Release|Any CPU.ActiveCfg = Release|Any CPU
		{DAC6091D-A61C-4B1F-AF9D-53A6941025A1}.Release|Any CPU.Build.0 = Release|Any CPU
		{A4E63B41-1790-47AF-8AAC-EDBF59120E54}.Debug|Any CPU.ActiveCfg = Debug|Any CPU
		{A4E63B41-1790-47AF-8AAC-EDBF59120E54}.Debug|Any CPU.Build.0 = Debug|Any CPU
		{A4E63B41-1790-47AF-8AAC-EDBF59120E54}.Release|Any CPU.ActiveCfg = Release|Any CPU
		{A4E63B41-1790-47AF-8AAC-EDBF59120E54}.Release|Any CPU.Build.0 = Release|Any CPU
	EndGlobalSection
	GlobalSection(SolutionProperties) = preSolution
		HideSolutionNode = FALSE
	EndGlobalSection
	GlobalSection(ExtensibilityGlobals) = postSolution
		SolutionGuid = {79808A32-8FCC-4A77-9717-914FB2714AD6}
	EndGlobalSection
EndGlobal
